{
  "name": "website",
  "lockfileVersion": 2,
  "requires": true,
  "packages": {
    "": {
      "dependencies": {
        "motion-ui": "^2.0.4"
      }
    },
    "node_modules/jquery": {
      "version": "3.6.4",
      "resolved": "https://registry.npmjs.org/jquery/-/jquery-3.6.4.tgz",
      "integrity": "sha512-v28EW9DWDFpzcD9O5iyJXg3R3+q+mET5JhnjJzQUZMHOv67bpSIHq81GEYpPNZHG+XXHsfSme3nxp/hndKEcsQ==",
      "peer": true
    },
    "node_modules/motion-ui": {
      "version": "2.0.4",
      "resolved": "https://registry.npmjs.org/motion-ui/-/motion-ui-2.0.4.tgz",
      "integrity": "sha512-7GjtcXXqRHUQGH9Gm8KLbvx9sz5tNGlftsaJ/J5d4q33PzfgKnUm+OynDji4VR3fiZXPT3nMkzBQlZsifYTIOg==",
      "peerDependencies": {
        "jquery": ">=2.2.0"
      }
    }
  },
  "dependencies": {
    "jquery": {
      "version": "3.6.4",
      "resolved": "https://registry.npmjs.org/jquery/-/jquery-3.6.4.tgz",
      "integrity": "sha512-v28EW9DWDFpzcD9O5iyJXg3R3+q+mET5JhnjJzQUZMHOv67bpSIHq81GEYpPNZHG+XXHsfSme3nxp/hndKEcsQ==",
      "peer": true
    },
    "motion-ui": {
      "version": "2.0.4",
      "resolved": "https://registry.npmjs.org/motion-ui/-/motion-ui-2.0.4.tgz",
      "integrity": "sha512-7GjtcXXqRHUQGH9Gm8KLbvx9sz5tNGlftsaJ/J5d4q33PzfgKnUm+OynDji4VR3fiZXPT3nMkzBQlZsifYTIOg==",
      "requires": {}
    }
  }
}
